# generated by rye
# use `rye lock` or `rye sync` to update this lockfile
#
# last locked with the following flags:
#   pre: false
#   features: []
#   all-features: false
#   with-sources: false
#   generate-hashes: false
#   universal: false

-e file:.
aiofiles==0.6.0
    # via otree
annotated-types==0.7.0
    # via pydantic
cachetools==6.2.1
    # via google-auth
certifi==2025.10.5
    # via requests
charset-normalizer==3.4.4
    # via requests
click==7.1.2
    # via nltk
    # via uvicorn
contourpy==1.3.3
    # via matplotlib
cycler==0.12.1
    # via matplotlib
et-xmlfile==2.0.0
    # via openpyxl
fonttools==4.60.0
    # via matplotlib
google-ai-generativelanguage==0.6.15
    # via google-generativeai
google-api-core==2.26.0
    # via google-ai-generativelanguage
    # via google-api-python-client
    # via google-generativeai
google-api-python-client==2.184.0
    # via google-generativeai
google-auth==2.41.1
    # via google-ai-generativelanguage
    # via google-api-core
    # via google-api-python-client
    # via google-auth-httplib2
    # via google-generativeai
google-auth-httplib2==0.2.0
    # via google-api-python-client
google-generativeai==0.8.5
    # via emotionsgame
googleapis-common-protos==1.70.0
    # via google-api-core
    # via grpcio-status
grpcio==1.75.1
    # via google-api-core
    # via grpcio-status
grpcio-status==1.71.2
    # via google-api-core
h11==0.16.0
    # via uvicorn
httplib2==0.31.0
    # via google-api-python-client
    # via google-auth-httplib2
idna==3.11
    # via requests
itsdangerous==1.1.0
    # via otree
joblib==1.5.2
    # via nltk
kiwisolver==1.4.9
    # via matplotlib
markupsafe==1.1.1
    # via otree
    # via wtforms
matplotlib==3.10.6
    # via emotionsgame
    # via seaborn
nltk==3.9.1
    # via emotionsgame
numpy==2.3.2
    # via contourpy
    # via emotionsgame
    # via matplotlib
    # via pandas
    # via scipy
    # via seaborn
openpyxl==3.1.5
    # via emotionsgame
otree==5.11.4
    # via emotionsgame
packaging==25.0
    # via matplotlib
pandas==2.3.2
    # via emotionsgame
    # via seaborn
pillow==11.3.0
    # via matplotlib
proto-plus==1.26.1
    # via google-ai-generativelanguage
    # via google-api-core
protobuf==5.29.5
    # via google-ai-generativelanguage
    # via google-api-core
    # via google-generativeai
    # via googleapis-common-protos
    # via grpcio-status
    # via proto-plus
pyasn1==0.6.1
    # via pyasn1-modules
    # via rsa
pyasn1-modules==0.4.2
    # via google-auth
pydantic==2.12.2
    # via google-generativeai
pydantic-core==2.41.4
    # via pydantic
pyparsing==3.2.5
    # via httplib2
    # via matplotlib
python-dateutil==2.9.0.post0
    # via emotionsgame
    # via matplotlib
    # via pandas
python-multipart==0.0.5
    # via otree
pytz==2025.2
    # via pandas
regex==2025.9.18
    # via nltk
requests==2.32.5
    # via google-api-core
rsa==4.9.1
    # via google-auth
scipy==1.16.2
    # via emotionsgame
seaborn==0.13.2
    # via emotionsgame
six==1.17.0
    # via python-dateutil
    # via python-multipart
sqlalchemy==1.3.22
    # via otree
    # via wtforms-sqlalchemy
starlette==0.14.1
    # via otree
tabulate==0.9.0
    # via emotionsgame
tqdm==4.67.1
    # via google-generativeai
    # via nltk
typing-extensions==4.15.0
    # via google-generativeai
    # via grpcio
    # via pydantic
    # via pydantic-core
    # via typing-inspection
typing-inspection==0.4.2
    # via pydantic
tzdata==2025.2
    # via pandas
uritemplate==4.2.0
    # via google-api-python-client
urllib3==2.5.0
    # via requests
uvicorn==0.13.4
    # via otree
websockets==10.1
    # via otree
wtforms==2.3.3
    # via otree
    # via wtforms-sqlalchemy
wtforms-sqlalchemy==0.2
    # via otree
